
Microsoft Visual Studio Solution File, Format Version 12.00
# Visual Studio Version 17
VisualStudioVersion = 17.10.36631.13
MinimumVisualStudioVersion = 10.0.40219.1
Project("{FAE04EC0-301F-11D3-BF4B-00C04F79EFBC}") = "WakeByFace.App", "WakeByFace.App\WakeByFace.App.csproj", "{0A0D9E59-00AB-4915-89BD-49C6F7E0B3A1}"
EndProject
Global
	GlobalSection(SolutionConfigurationPlatforms) = preSolution
		Debug|Any CPU = Debug|Any CPU
		Release|Any CPU = Release|Any CPU
	EndGlobalSection
	GlobalSection(ProjectConfigurationPlatforms) = postSolution
		{0A0D9E59-00AB-4915-89BD-49C6F7E0B3A1}.Debug|Any CPU.ActiveCfg = Debug|Any CPU
		{0A0D9E59-00AB-4915-89BD-49C6F7E0B3A1}.Debug|Any CPU.Build.0 = Debug|Any CPU
		{0A0D9E59-00AB-4915-89BD-49C6F7E0B3A1}.Debug|Any CPU.Deploy.0 = Debug|Any CPU
		{0A0D9E59-00AB-4915-89BD-49C6F7E0B3A1}.Release|Any CPU.ActiveCfg = Release|Any CPU
		{0A0D9E59-00AB-4915-89BD-49C6F7E0B3A1}.Release|Any CPU.Build.0 = Release|Any CPU
		{0A0D9E59-00AB-4915-89BD-49C6F7E0B3A1}.Release|Any CPU.Deploy.0 = Release|Any CPU
	EndGlobalSection
	GlobalSection(SolutionProperties) = preSolution
		HideSolutionNode = FALSE
	EndGlobalSection
	GlobalSection(ExtensibilityGlobals) = postSolution
		SolutionGuid = {04988D5A-DFC2-485C-9B89-720CB007030C}
	EndGlobalSection
EndGlobal
